lockfileVersion: '9.0'

settings:
  autoInstallPeers: true
  excludeLinksFromLockfile: false

importers:

  .:
    dependencies:
      '@tauri-apps/plugin-opener':
        specifier: ~2.5.4
        version: 2.5.5
      '@tauri-apps/plugin-store':
        specifier: ~2.4.5
        version: 2.4.5

packages:

  '@tauri-apps/api@2.11.1':
    resolution: {integrity: sha512-M2FPuYND2m+wh5hfW9ZpSdxMPdEJovPBWwoHJmwUpysTYNHaOkVFN419m/K0LIgjb/7KU2vBgsUepJWugQCvAA==}

  '@tauri-apps/plugin-opener@2.5.5':
    resolution: {integrity: sha512-xvzGai5aQds8j8R8RsUK/lW6pGG50YgOYIPLzvkqmkwAj7dfySOD7sGtejRzvVdMmv1EQfKVEFh1MvmDp8QR0g==}

  '@tauri-apps/plugin-store@2.4.5':
    resolution: {integrity: sha512-bVD9riKzf+WKYm1L8uXD1CMDTC/eaFS2Cbjcgq+39ahChtVGnyDCbzug3HpjgpZMw78yoAVMqHOAEjqJ/kD9YQ==}

snapshots:

  '@tauri-apps/api@2.11.1': {}

  '@tauri-apps/plugin-opener@2.5.5':
    dependencies:
      '@tauri-apps/api': 2.11.1

  '@tauri-apps/plugin-store@2.4.5':
    dependencies:
      '@tauri-apps/api': 2.11.1
